
Microsoft Visual Studio Solution File, Format Version 12.00
# Visual Studio Version 17
VisualStudioVersion = 17.4.33213.308
MinimumVisualStudioVersion = 10.0.40219.1
Project("{2150E333-8FDC-42A3-9474-1A3956D46DE8}") = "0-Presentation", "0-Presentation", "{DA5BD3F3-2E25-46F4-9676-F789B504D135}"
EndProject
Project("{2150E333-8FDC-42A3-9474-1A3956D46DE8}") = "1-Application", "1-Application", "{28056413-D3E0-44B5-9CF6-43AA2E25C605}"
EndProject
Project("{2150E333-8FDC-42A3-9474-1A3956D46DE8}") = "2- Domain", "2- Domain", "{97A04B1E-915C-4116-A5C2-02D345437942}"
EndProject
Project("{2150E333-8FDC-42A3-9474-1A3956D46DE8}") = "3-Infra", "3-Infra", "{93FC0814-734C-4124-8541-6665E929F97C}"
EndProject
Project("{2150E333-8FDC-42A3-9474-1A3956D46DE8}") = "3.1-Data", "3.1-Data", "{66D40182-2B9A-4B3B-A961-25F52ECE988E}"
EndProject
Project("{2150E333-8FDC-42A3-9474-1A3956D46DE8}") = "3.2-CrossCutting", "3.2-CrossCutting", "{D3359EFB-B6D0-4E3F-A965-AABA77D1C48E}"
EndProject
Project("{9A19103F-16F7-4668-BE54-9A1E7A4F7556}") = "ToDo.Domain.Core", "ToDo.Domain.Core\ToDo.Domain.Core.csproj", "{D3A02775-A606-462C-8CE4-E4697F3CC95E}"
EndProject
Project("{9A19103F-16F7-4668-BE54-9A1E7A4F7556}") = "ToDo.Domain", "ToDo.Domain\ToDo.Domain.csproj", "{C57C6A57-113A-4D95-9ABA-E2E0BD965525}"
EndProject
Project("{9A19103F-16F7-4668-BE54-9A1E7A4F7556}") = "ToDo.Infra.Data", "ToDo.Infra.Data\ToDo.Infra.Data.csproj", "{0A672287-1783-4CAC-99CA-1DC0B76286E1}"
EndProject
Project("{9A19103F-16F7-4668-BE54-9A1E7A4F7556}") = "ToDo.Presentation.Web", "ToDo.Presentation.Web\ToDo.Presentation.Web.csproj", "{1B0CB2DF-B40D-4199-A441-63A5943BA986}"
EndProject
Project("{9A19103F-16F7-4668-BE54-9A1E7A4F7556}") = "ToDo.CrossCutting.IoC", "ToDo.CrossCutting.IoC\ToDo.CrossCutting.IoC.csproj", "{20AF5C25-BF2B-4F5F-BD2E-D0DCC7D92FB2}"
EndProject
Project("{9A19103F-16F7-4668-BE54-9A1E7A4F7556}") = "ToDo.Application", "ToDo.Application\ToDo.Application.csproj", "{5A346178-6908-4706-9712-7AAE5E377432}"
EndProject
Global
	GlobalSection(SolutionConfigurationPlatforms) = preSolution
		Debug|Any CPU = Debug|Any CPU
		Release|Any CPU = Release|Any CPU
	EndGlobalSection
	GlobalSection(ProjectConfigurationPlatforms) = postSolution
		{D3A02775-A606-462C-8CE4-E4697F3CC95E}.Debug|Any CPU.ActiveCfg = Debug|Any CPU
		{D3A02775-A606-462C-8CE4-E4697F3CC95E}.Debug|Any CPU.Build.0 = Debug|Any CPU
		{D3A02775-A606-462C-8CE4-E4697F3CC95E}.Release|Any CPU.ActiveCfg = Release|Any CPU
		{D3A02775-A606-462C-8CE4-E4697F3CC95E}.Release|Any CPU.Build.0 = Release|Any CPU
		{C57C6A57-113A-4D95-9ABA-E2E0BD965525}.Debug|Any CPU.ActiveCfg = Debug|Any CPU
		{C57C6A57-113A-4D95-9ABA-E2E0BD965525}.Debug|Any CPU.Build.0 = Debug|Any CPU
		{C57C6A57-113A-4D95-9ABA-E2E0BD965525}.Release|Any CPU.ActiveCfg = Release|Any CPU
		{C57C6A57-113A-4D95-9ABA-E2E0BD965525}.Release|Any CPU.Build.0 = Release|Any CPU
		{0A672287-1783-4CAC-99CA-1DC0B76286E1}.Debug|Any CPU.ActiveCfg = Debug|Any CPU
		{0A672287-1783-4CAC-99CA-1DC0B76286E1}.Debug|Any CPU.Build.0 = Debug|Any CPU
		{0A672287-1783-4CAC-99CA-1DC0B76286E1}.Release|Any CPU.ActiveCfg = Release|Any CPU
		{0A672287-1783-4CAC-99CA-1DC0B76286E1}.Release|Any CPU.Build.0 = Release|Any CPU
		{1B0CB2DF-B40D-4199-A441-63A5943BA986}.Debug|Any CPU.ActiveCfg = Debug|Any CPU
		{1B0CB2DF-B40D-4199-A441-63A5943BA986}.Debug|Any CPU.Build.0 = Debug|Any CPU
		{1B0CB2DF-B40D-4199-A441-63A5943BA986}.Release|Any CPU.ActiveCfg = Release|Any CPU
		{1B0CB2DF-B40D-4199-A441-63A5943BA986}.Release|Any CPU.Build.0 = Release|Any CPU
		{20AF5C25-BF2B-4F5F-BD2E-D0DCC7D92FB2}.Debug|Any CPU.ActiveCfg = Debug|Any CPU
		{20AF5C25-BF2B-4F5F-BD2E-D0DCC7D92FB2}.Debug|Any CPU.Build.0 = Debug|Any CPU
		{20AF5C25-BF2B-4F5F-BD2E-D0DCC7D92FB2}.Release|Any CPU.ActiveCfg = Release|Any CPU
		{20AF5C25-BF2B-4F5F-BD2E-D0DCC7D92FB2}.Release|Any CPU.Build.0 = Release|Any CPU
		{5A346178-6908-4706-9712-7AAE5E377432}.Debug|Any CPU.ActiveCfg = Debug|Any CPU
		{5A346178-6908-4706-9712-7AAE5E377432}.Debug|Any CPU.Build.0 = Debug|Any CPU
		{5A346178-6908-4706-9712-7AAE5E377432}.Release|Any CPU.ActiveCfg = Release|Any CPU
		{5A346178-6908-4706-9712-7AAE5E377432}.Release|Any CPU.Build.0 = Release|Any CPU
	EndGlobalSection
	GlobalSection(SolutionProperties) = preSolution
		HideSolutionNode = FALSE
	EndGlobalSection
	GlobalSection(NestedProjects) = preSolution
		{66D40182-2B9A-4B3B-A961-25F52ECE988E} = {93FC0814-734C-4124-8541-6665E929F97C}
		{D3359EFB-B6D0-4E3F-A965-AABA77D1C48E} = {93FC0814-734C-4124-8541-6665E929F97C}
		{D3A02775-A606-462C-8CE4-E4697F3CC95E} = {97A04B1E-915C-4116-A5C2-02D345437942}
		{C57C6A57-113A-4D95-9ABA-E2E0BD965525} = {97A04B1E-915C-4116-A5C2-02D345437942}
		{0A672287-1783-4CAC-99CA-1DC0B76286E1} = {66D40182-2B9A-4B3B-A961-25F52ECE988E}
		{1B0CB2DF-B40D-4199-A441-63A5943BA986} = {DA5BD3F3-2E25-46F4-9676-F789B504D135}
		{20AF5C25-BF2B-4F5F-BD2E-D0DCC7D92FB2} = {D3359EFB-B6D0-4E3F-A965-AABA77D1C48E}
		{5A346178-6908-4706-9712-7AAE5E377432} = {28056413-D3E0-44B5-9CF6-43AA2E25C605}
	EndGlobalSection
	GlobalSection(ExtensibilityGlobals) = postSolution
		SolutionGuid = {D0A181AF-FCEA-4569-AC3B-9C0CEEAD6945}
	EndGlobalSection
EndGlobal
